// !$*UTF8*$!
{
	archiveVersion = 1;
	classes = {
	};
	objectVersion = 50;
	objects = {

/* Begin PBXBuildFile section */
		2C406A2925B05622000EAADE /* NavigationManager.swift in Sources */ = {isa = PBXBuildFile; fileRef = 2C406A2825B05622000EAADE /* NavigationManager.swift */; };
		2C406A2C25B09C81000EAADE /* StorageManager.swift in Sources */ = {isa = PBXBuildFile; fileRef = 2C406A2B25B09C81000EAADE /* StorageManager.swift */; };
		2CA7D61425A876A4002BC90A /* AppDelegate.swift in Sources */ = {isa = PBXBuildFile; fileRef = 2CA7D61325A876A4002BC90A /* AppDelegate.swift */; };
		2CA7D61625A876A4002BC90A /* SceneDelegate.swift in Sources */ = {isa = PBXBuildFile; fileRef = 2CA7D61525A876A4002BC90A /* SceneDelegate.swift */; };
		2CA7D61825A876A4002BC90A /* FashionController.swift in Sources */ = {isa = PBXBuildFile; fileRef = 2CA7D61725A876A4002BC90A /* FashionController.swift */; };
		2CA7D61B25A876A4002BC90A /* Main.storyboard in Resources */ = {isa = PBXBuildFile; fileRef = 2CA7D61925A876A4002BC90A /* Main.storyboard */; };
		2CA7D61D25A876A6002BC90A /* Assets.xcassets in Resources */ = {isa = PBXBuildFile; fileRef = 2CA7D61C25A876A6002BC90A /* Assets.xcassets */; };
		2CA7D62025A876A6002BC90A /* LaunchScreen.storyboard in Resources */ = {isa = PBXBuildFile; fileRef = 2CA7D61E25A876A6002BC90A /* LaunchScreen.storyboard */; };
		2CA7D62C25A9D36F002BC90A /* FashionModel.swift in Sources */ = {isa = PBXBuildFile; fileRef = 2CA7D62B25A9D36F002BC90A /* FashionModel.swift */; };
		2CA7D63125A9DEA5002BC90A /* FashionCustomCell.swift in Sources */ = {isa = PBXBuildFile; fileRef = 2CA7D63025A9DEA5002BC90A /* FashionCustomCell.swift */; };
		2CA7D63425A9E09A002BC90A /* MainAppController.swift in Sources */ = {isa = PBXBuildFile; fileRef = 2CA7D63325A9E09A002BC90A /* MainAppController.swift */; };
/* End PBXBuildFile section */

/* Begin PBXFileReference section */
		2C406A2825B05622000EAADE /* NavigationManager.swift */ = {isa = PBXFileReference; lastKnownFileType = sourcecode.swift; path = NavigationManager.swift; sourceTree = "<group>"; };
		2C406A2B25B09C81000EAADE /* StorageManager.swift */ = {isa = PBXFileReference; lastKnownFileType = sourcecode.swift; path = StorageManager.swift; sourceTree = "<group>"; };
		2CA7D61025A876A4002BC90A /* fashion-app.app */ = {isa = PBXFileReference; explicitFileType = wrapper.application; includeInIndex = 0; path = "fashion-app.app"; sourceTree = BUILT_PRODUCTS_DIR; };
		2CA7D61325A876A4002BC90A /* AppDelegate.swift */ = {isa = PBXFileReference; lastKnownFileType = sourcecode.swift; path = AppDelegate.swift; sourceTree = "<group>"; };
		2CA7D61525A876A4002BC90A /* SceneDelegate.swift */ = {isa = PBXFileReference; lastKnownFileType = sourcecode.swift; path = SceneDelegate.swift; sourceTree = "<group>"; };
		2CA7D61725A876A4002BC90A /* FashionController.swift */ = {isa = PBXFileReference; lastKnownFileType = sourcecode.swift; path = FashionController.swift; sourceTree = "<group>"; };
		2CA7D61A25A876A4002BC90A /* Base */ = {isa = PBXFileReference; lastKnownFileType = file.storyboard; name = Base; path = Base.lproj/Main.storyboard; sourceTree = "<group>"; };
		2CA7D61C25A876A6002BC90A /* Assets.xcassets */ = {isa = PBXFileReference; lastKnownFileType = folder.assetcatalog; path = Assets.xcassets; sourceTree = "<group>"; };
		2CA7D61F25A876A6002BC90A /* Base */ = {isa = PBXFileReference; lastKnownFileType = file.storyboard; name = Base; path = Base.lproj/LaunchScreen.storyboard; sourceTree = "<group>"; };
		2CA7D62125A876A6002BC90A /* Info.plist */ = {isa = PBXFileReference; lastKnownFileType = text.plist.xml; path = Info.plist; sourceTree = "<group>"; };
		2CA7D62B25A9D36F002BC90A /* FashionModel.swift */ = {isa = PBXFileReference; lastKnownFileType = sourcecode.swift; path = FashionModel.swift; sourceTree = "<group>"; };
		2CA7D63025A9DEA5002BC90A /* FashionCustomCell.swift */ = {isa = PBXFileReference; lastKnownFileType = sourcecode.swift; path = FashionCustomCell.swift; sourceTree = "<group>"; };
		2CA7D63325A9E09A002BC90A /* MainAppController.swift */ = {isa = PBXFileReference; lastKnownFileType = sourcecode.swift; path = MainAppController.swift; sourceTree = "<group>"; };
/* End PBXFileReference section */

/* Begin PBXFrameworksBuildPhase section */
		2CA7D60D25A876A4002BC90A /* Frameworks */ = {
			isa = PBXFrameworksBuildPhase;
			buildActionMask = 2147483647;
			files = (
			);
			runOnlyForDeploymentPostprocessing = 0;
		};
/* End PBXFrameworksBuildPhase section */

/* Begin PBXGroup section */
		2C406A2725B055FB000EAADE /* service */ = {
			isa = PBXGroup;
			children = (
				2C406A2825B05622000EAADE /* NavigationManager.swift */,
				2C406A2B25B09C81000EAADE /* StorageManager.swift */,
			);
			path = service;
			sourceTree = "<group>";
		};
		2CA7D60725A876A4002BC90A = {
			isa = PBXGroup;
			children = (
				2CA7D61225A876A4002BC90A /* fashion-app */,
				2CA7D61125A876A4002BC90A /* Products */,
			);
			sourceTree = "<group>";
		};
		2CA7D61125A876A4002BC90A /* Products */ = {
			isa = PBXGroup;
			children = (
				2CA7D61025A876A4002BC90A /* fashion-app.app */,
			);
			name = Products;
			sourceTree = "<group>";
		};
		2CA7D61225A876A4002BC90A /* fashion-app */ = {
			isa = PBXGroup;
			children = (
				2C406A2725B055FB000EAADE /* service */,
				2CA7D62F25A9DE68002BC90A /* views */,
				2CA7D62E25A9DE50002BC90A /* controller */,
				2CA7D62A25A9D336002BC90A /* model */,
				2CA7D61325A876A4002BC90A /* AppDelegate.swift */,
				2CA7D61525A876A4002BC90A /* SceneDelegate.swift */,
				2CA7D61925A876A4002BC90A /* Main.storyboard */,
				2CA7D61C25A876A6002BC90A /* Assets.xcassets */,
				2CA7D61E25A876A6002BC90A /* LaunchScreen.storyboard */,
				2CA7D62125A876A6002BC90A /* Info.plist */,
			);
			path = "fashion-app";
			sourceTree = "<group>";
		};
		2CA7D62A25A9D336002BC90A /* model */ = {
			isa = PBXGroup;
			children = (
				2CA7D62B25A9D36F002BC90A /* FashionModel.swift */,
			);
			path = model;
			sourceTree = "<group>";
		};
		2CA7D62E25A9DE50002BC90A /* controller */ = {
			isa = PBXGroup;
			children = (
				2CA7D61725A876A4002BC90A /* FashionController.swift */,
				2CA7D63325A9E09A002BC90A /* MainAppController.swift */,
			);
			path = controller;
			sourceTree = "<group>";
		};
		2CA7D62F25A9DE68002BC90A /* views */ = {
			isa = PBXGroup;
			children = (
				2CA7D63025A9DEA5002BC90A /* FashionCustomCell.swift */,
			);
			path = views;
			sourceTree = "<group>";
		};
/* End PBXGroup section */

/* Begin PBXNativeTarget section */
		2CA7D60F25A876A4002BC90A /* fashion-app */ = {
			isa = PBXNativeTarget;
			buildConfigurationList = 2CA7D62425A876A6002BC90A /* Build configuration list for PBXNativeTarget "fashion-app" */;
			buildPhases = (
				2CA7D60C25A876A4002BC90A /* Sources */,
				2CA7D60D25A876A4002BC90A /* Frameworks */,
				2CA7D60E25A876A4002BC90A /* Resources */,
			);
			buildRules = (
			);
			dependencies = (
			);
			name = "fashion-app";
			productName = "fashion-app";
			productReference = 2CA7D61025A876A4002BC90A /* fashion-app.app */;
			productType = "com.apple.product-type.application";
		};
/* End PBXNativeTarget section */

/* Begin PBXProject section */
		2CA7D60825A876A4002BC90A /* Project object */ = {
			isa = PBXProject;
			attributes = {
				LastSwiftUpdateCheck = 1220;
				LastUpgradeCheck = 1220;
				TargetAttributes = {
					2CA7D60F25A876A4002BC90A = {
						CreatedOnToolsVersion = 12.2;
					};
				};
			};
			buildConfigurationList = 2CA7D60B25A876A4002BC90A /* Build configuration list for PBXProject "fashion-app" */;
			compatibilityVersion = "Xcode 9.3";
			developmentRegion = en;
			hasScannedForEncodings = 0;
			knownRegions = (
				en,
				Base,
			);
			mainGroup = 2CA7D60725A876A4002BC90A;
			productRefGroup = 2CA7D61125A876A4002BC90A /* Products */;
			projectDirPath = "";
			projectRoot = "";
			targets = (
				2CA7D60F25A876A4002BC90A /* fashion-app */,
			);
		};
/* End PBXProject section */

/* Begin PBXResourcesBuildPhase section */
		2CA7D60E25A876A4002BC90A /* Resources */ = {
			isa = PBXResourcesBuildPhase;
			buildActionMask = 2147483647;
			files = (
				2CA7D62025A876A6002BC90A /* LaunchScreen.storyboard in Resources */,
				2CA7D61D25A876A6002BC90A /* Assets.xcassets in Resources */,
				2CA7D61B25A876A4002BC90A /* Main.storyboard in Resources */,
			);
			runOnlyForDeploymentPostprocessing = 0;
		};
/* End PBXResourcesBuildPhase section */

/* Begin PBXSourcesBuildPhase section */
		2CA7D60C25A876A4002BC90A /* Sources */ = {
			isa = PBXSourcesBuildPhase;
			buildActionMask = 2147483647;
			files = (
				2CA7D61825A876A4002BC90A /* FashionController.swift in Sources */,
				2CA7D63125A9DEA5002BC90A /* FashionCustomCell.swift in Sources */,
				2C406A2925B05622000EAADE /* NavigationManager.swift in Sources */,
				2CA7D63425A9E09A002BC90A /* MainAppController.swift in Sources */,
				2CA7D61425A876A4002BC90A /* AppDelegate.swift in Sources */,
				2CA7D62C25A9D36F002BC90A /* FashionModel.swift in Sources */,
				2CA7D61625A876A4002BC90A /* SceneDelegate.swift in Sources */,
				2C406A2C25B09C81000EAADE /* StorageManager.swift in Sources */,
			);
			runOnlyForDeploymentPostprocessing = 0;
		};
/* End PBXSourcesBuildPhase section */

/* Begin PBXVariantGroup section */
		2CA7D61925A876A4002BC90A /* Main.storyboard */ = {
			isa = PBXVariantGroup;
			children = (
				2CA7D61A25A876A4002BC90A /* Base */,
			);
			name = Main.storyboard;
			sourceTree = "<group>";
		};
		2CA7D61E25A876A6002BC90A /* LaunchScreen.storyboard */ = {
			isa = PBXVariantGroup;
			children = (
				2CA7D61F25A876A6002BC90A /* Base */,
			);
			name = LaunchScreen.storyboard;
			sourceTree = "<group>";
		};
/* End PBXVariantGroup section */

/* Begin XCBuildConfiguration section */
		2CA7D62225A876A6002BC90A /* Debug */ = {
			isa = XCBuildConfiguration;
			buildSettings = {
				ALWAYS_SEARCH_USER_PATHS = NO;
				CLANG_ANALYZER_NONNULL = YES;
				CLANG_ANALYZER_NUMBER_OBJECT_CONVERSION = YES_AGGRESSIVE;
				CLANG_CXX_LANGUAGE_STANDARD = "gnu++14";
				CLANG_CXX_LIBRARY = "libc++";
				CLANG_ENABLE_MODULES = YES;
				CLANG_ENABLE_OBJC_ARC = YES;
				CLANG_ENABLE_OBJC_WEAK = YES;
				CLANG_WARN_BLOCK_CAPTURE_AUTORELEASING = YES;
				CLANG_WARN_BOOL_CONVERSION = YES;
				CLANG_WARN_COMMA = YES;
				CLANG_WARN_CONSTANT_CONVERSION = YES;
				CLANG_WARN_DEPRECATED_OBJC_IMPLEMENTATIONS = YES;
				CLANG_WARN_DIRECT_OBJC_ISA_USAGE = YES_ERROR;
				CLANG_WARN_DOCUMENTATION_COMMENTS = YES;
				CLANG_WARN_EMPTY_BODY = YES;
				CLANG_WARN_ENUM_CONVERSION = YES;
				CLANG_WARN_INFINITE_RECURSION = YES;
				CLANG_WARN_INT_CONVERSION = YES;
				CLANG_WARN_NON_LITERAL_NULL_CONVERSION = YES;
				CLANG_WARN_OBJC_IMPLICIT_RETAIN_SELF = YES;
				CLANG_WARN_OBJC_LITERAL_CONVERSION = YES;
				CLANG_WARN_OBJC_ROOT_CLASS = YES_ERROR;
				CLANG_WARN_QUOTED_INCLUDE_IN_FRAMEWORK_HEADER = YES;
				CLANG_WARN_RANGE_LOOP_ANALYSIS = YES;
				CLANG_WARN_STRICT_PROTOTYPES = YES;
				CLANG_WARN_SUSPICIOUS_MOVE = YES;
				CLANG_WARN_UNGUARDED_AVAILABILITY = YES_AGGRESSIVE;
				CLANG_WARN_UNREACHABLE_CODE = YES;
				CLANG_WARN__DUPLICATE_METHOD_MATCH = YES;
				COPY_PHASE_STRIP = NO;
				DEBUG_INFORMATION_FORMAT = dwarf;
				ENABLE_STRICT_OBJC_MSGSEND = YES;
				ENABLE_TESTABILITY = YES;
				GCC_C_LANGUAGE_STANDARD = gnu11;
				GCC_DYNAMIC_NO_PIC = NO;
				GCC_NO_COMMON_BLOCKS = YES;
				GCC_OPTIMIZATION_LEVEL = 0;
				GCC_PREPROCESSOR_DEFINITIONS = (
					"DEBUG=1",
					"$(inherited)",
				);
				GCC_WARN_64_TO_32_BIT_CONVERSION = YES;
				GCC_WARN_ABOUT_RETURN_TYPE = YES_ERROR;
				GCC_WARN_UNDECLARED_SELECTOR = YES;
				GCC_WARN_UNINITIALIZED_AUTOS = YES_AGGRESSIVE;
				GCC_WARN_UNUSED_FUNCTION = YES;
				GCC_WARN_UNUSED_VARIABLE = YES;
				IPHONEOS_DEPLOYMENT_TARGET = 14.2;
				MTL_ENABLE_DEBUG_INFO = INCLUDE_SOURCE;
				MTL_FAST_MATH = YES;
				ONLY_ACTIVE_ARCH = YES;
				SDKROOT = iphoneos;
				SWIFT_ACTIVE_COMPILATION_CONDITIONS = DEBUG;
				SWIFT_OPTIMIZATION_LEVEL = "-Onone";
			};
			name = Debug;
		};
		2CA7D62325A876A6002BC90A /* Release */ = {
			isa = XCBuildConfiguration;
			buildSettings = {
				ALWAYS_SEARCH_USER_PATHS = NO;
				CLANG_ANALYZER_NONNULL = YES;
				CLANG_ANALYZER_NUMBER_OBJECT_CONVERSION = YES_AGGRESSIVE;
				CLANG_CXX_LANGUAGE_STANDARD = "gnu++14";
				CLANG_CXX_LIBRARY = "libc++";
				CLANG_ENABLE_MODULES = YES;
				CLANG_ENABLE_OBJC_ARC = YES;
				CLANG_ENABLE_OBJC_WEAK = YES;
				CLANG_WARN_BLOCK_CAPTURE_AUTORELEASING = YES;
				CLANG_WARN_BOOL_CONVERSION = YES;
				CLANG_WARN_COMMA = YES;
				CLANG_WARN_CONSTANT_CONVERSION = YES;
				CLANG_WARN_DEPRECATED_OBJC_IMPLEMENTATIONS = YES;
				CLANG_WARN_DIRECT_OBJC_ISA_USAGE = YES_ERROR;
				CLANG_WARN_DOCUMENTATION_COMMENTS = YES;
				CLANG_WARN_EMPTY_BODY = YES;
				CLANG_WARN_ENUM_CONVERSION = YES;
				CLANG_WARN_INFINITE_RECURSION = YES;
				CLANG_WARN_INT_CONVERSION = YES;
				CLANG_WARN_NON_LITERAL_NULL_CONVERSION = YES;
				CLANG_WARN_OBJC_IMPLICIT_RETAIN_SELF = YES;
				CLANG_WARN_OBJC_LITERAL_CONVERSION = YES;
				CLANG_WARN_OBJC_ROOT_CLASS = YES_ERROR;
				CLANG_WARN_QUOTED_INCLUDE_IN_FRAMEWORK_HEADER = YES;
				CLANG_WARN_RANGE_LOOP_ANALYSIS = YES;
				CLANG_WARN_STRICT_PROTOTYPES = YES;
				CLANG_WARN_SUSPICIOUS_MOVE = YES;
				CLANG_WARN_UNGUARDED_AVAILABILITY = YES_AGGRESSIVE;
				CLANG_WARN_UNREACHABLE_CODE = YES;
				CLANG_WARN__DUPLICATE_METHOD_MATCH = YES;
				COPY_PHASE_STRIP = NO;
				DEBUG_INFORMATION_FORMAT = "dwarf-with-dsym";
				ENABLE_NS_ASSERTIONS = NO;
				ENABLE_STRICT_OBJC_MSGSEND = YES;
				GCC_C_LANGUAGE_STANDARD = gnu11;
				GCC_NO_COMMON_BLOCKS = YES;
				GCC_WARN_64_TO_32_BIT_CONVERSION = YES;
				GCC_WARN_ABOUT_RETURN_TYPE = YES_ERROR;
				GCC_WARN_UNDECLARED_SELECTOR = YES;
				GCC_WARN_UNINITIALIZED_AUTOS = YES_AGGRESSIVE;
				GCC_WARN_UNUSED_FUNCTION = YES;
				GCC_WARN_UNUSED_VARIABLE = YES;
				IPHONEOS_DEPLOYMENT_TARGET = 14.2;
				MTL_ENABLE_DEBUG_INFO = NO;
				MTL_FAST_MATH = YES;
				SDKROOT = iphoneos;
				SWIFT_COMPILATION_MODE = wholemodule;
				SWIFT_OPTIMIZATION_LEVEL = "-O";
				VALIDATE_PRODUCT = YES;
			};
			name = Release;
		};
		2CA7D62525A876A6002BC90A /* Debug */ = {
			isa = XCBuildConfiguration;
			buildSettings = {
				ASSETCATALOG_COMPILER_APPICON_NAME = AppIcon;
				ASSETCATALOG_COMPILER_GLOBAL_ACCENT_COLOR_NAME = AccentColor;
				CODE_SIGN_STYLE = Automatic;
				DEVELOPMENT_TEAM = B3KLBR624F;
				INFOPLIST_FILE = "fashion-app/Info.plist";
				LD_RUNPATH_SEARCH_PATHS = (
					"$(inherited)",
					"@executable_path/Frameworks",
				);
				PRODUCT_BUNDLE_IDENTIFIER = "com.swift.SergeyGolenko.MyLocationsApp.fashion-app";
				PRODUCT_NAME = "$(TARGET_NAME)";
				SWIFT_VERSION = 5.0;
				TARGETED_DEVICE_FAMILY = "1,2";
			};
			name = Debug;
		};
		2CA7D62625A876A6002BC90A /* Release */ = {
			isa = XCBuildConfiguration;
			buildSettings = {
				ASSETCATALOG_COMPILER_APPICON_NAME = AppIcon;
				ASSETCATALOG_COMPILER_GLOBAL_ACCENT_COLOR_NAME = AccentColor;
				CODE_SIGN_STYLE = Automatic;
				DEVELOPMENT_TEAM = B3KLBR624F;
				INFOPLIST_FILE = "fashion-app/Info.plist";
				LD_RUNPATH_SEARCH_PATHS = (
					"$(inherited)",
					"@executable_path/Frameworks",
				);
				PRODUCT_BUNDLE_IDENTIFIER = "com.swift.SergeyGolenko.MyLocationsApp.fashion-app";
				PRODUCT_NAME = "$(TARGET_NAME)";
				SWIFT_VERSION = 5.0;
				TARGETED_DEVICE_FAMILY = "1,2";
			};
			name = Release;
		};
/* End XCBuildConfiguration section */

/* Begin XCConfigurationList section */
		2CA7D60B25A876A4002BC90A /* Build configuration list for PBXProject "fashion-app" */ = {
			isa = XCConfigurationList;
			buildConfigurations = (
				2CA7D62225A876A6002BC90A /* Debug */,
				2CA7D62325A876A6002BC90A /* Release */,
			);
			defaultConfigurationIsVisible = 0;
			defaultConfigurationName = Release;
		};
		2CA7D62425A876A6002BC90A /* Build configuration list for PBXNativeTarget "fashion-app" */ = {
			isa = XCConfigurationList;
			buildConfigurations = (
				2CA7D62525A876A6002BC90A /* Debug */,
				2CA7D62625A876A6002BC90A /* Release */,
			);
			defaultConfigurationIsVisible = 0;
			defaultConfigurationName = Release;
		};
/* End XCConfigurationList section */
	};
	rootObject = 2CA7D60825A876A4002BC90A /* Project object */;
}
